# Generated by pub
# See https://dart.dev/tools/pub/glossary#lockfile
packages:
  adaptive_number:
    dependency: transitive
    description:
      name: adaptive_number
      sha256: "3a567544e9b5c9c803006f51140ad544aedc79604fd4f3f2c1380003f97c1d77"
      url: "https://pub.dev"
    source: hosted
    version: "1.0.0"
  args:
    dependency: transitive
    description:
      name: args
      sha256: eef6c46b622e0494a36c5a12d10d77fb4e855501a91c1b9ef9339326e58f0596
      url: "https://pub.dev"
    source: hosted
    version: "2.4.2"
  async:
    dependency: transitive
    description:
      name: async
      sha256: "758e6d74e971c3e5aceb4110bfd6698efc7f501675bcfe0c775459a8140750eb"
      url: "https://pub.dev"
    source: hosted
    version: "2.13.0"
  build_tool:
    dependency: "direct main"
    description:
      path: "/home/yun/CascadeProjects/zsai/rust_builder/cargokit/build_tool"
      relative: false
    source: path
    version: "1.0.0"
  collection:
    dependency: transitive
    description:
      name: collection
      sha256: ee67cb0715911d28db6bf4af1026078bd6f0128b07a5f66fb2ed94ec6783c09a
      url: "https://pub.dev"
    source: hosted
    version: "1.18.0"
  convert:
    dependency: transitive
    description:
      name: convert
      sha256: "0f08b14755d163f6e2134cb58222dd25ea2a2ee8a195e53983d57c075324d592"
      url: "https://pub.dev"
    source: hosted
    version: "3.1.1"
  crypto:
    dependency: transitive
    description:
      name: crypto
      sha256: ff625774173754681d66daaf4a448684fb04b78f902da9cb3d308c19cc5e8bab
      url: "https://pub.dev"
    source: hosted
    version: "3.0.3"
  ed25519_edwards:
    dependency: transitive
    description:
      name: ed25519_edwards
      sha256: "6ce0112d131327ec6d42beede1e5dfd526069b18ad45dcf654f15074ad9276cd"
      url: "https://pub.dev"
    source: hosted
    version: "0.3.1"
  fixnum:
    dependency: transitive
    description:
      name: fixnum
      sha256: b6dc7065e46c974bc7c5f143080a6764ec7a4be6da1285ececdc37be96de53be
      url: "https://pub.dev"
    source: hosted
    version: "1.1.1"
  github:
    dependency: transitive
    description:
      name: github
      sha256: "9966bc13bf612342e916b0a343e95e5f046c88f602a14476440e9b75d2295411"
      url: "https://pub.dev"
    source: hosted
    version: "9.17.0"
  hex:
    dependency: transitive
    description:
      name: hex
      sha256: "4e7cd54e4b59ba026432a6be2dd9d96e4c5205725194997193bf871703b82c4a"
      url: "https://pub.dev"
    source: hosted
    version: "0.2.0"
  http:
    dependency: transitive
    description:
      name: http
      sha256: "759d1a329847dd0f39226c688d3e06a6b8679668e350e2891a6474f8b4bb8525"
      url: "https://pub.dev"
    source: hosted
    version: "1.1.0"
  http_parser:
    dependency: transitive
    description:
      name: http_parser
      sha256: "2aa08ce0341cc9b354a498388e30986515406668dbcc4f7c950c3e715496693b"
      url: "https://pub.dev"
    source: hosted
    version: "4.0.2"
  json_annotation:
    dependency: transitive
    description:
      name: json_annotation
      sha256: "1ce844379ca14835a50d2f019a3099f419082cfdd231cd86a142af94dd5c6bb1"
      url: "https://pub.dev"
    source: hosted
    version: "4.9.0"
  logging:
    dependency: transitive
    description:
      name: logging
      sha256: "623a88c9594aa774443aa3eb2d41807a48486b5613e67599fb4c41c0ad47c340"
      url: "https://pub.dev"
    source: hosted
    version: "1.2.0"
  meta:
    dependency: transitive
    description:
      name: meta
      sha256: e3641ec5d63ebf0d9b41bd43201a66e3fc79a65db5f61fc181f04cd27aab950c
      url: "https://pub.dev"
    source: hosted
    version: "1.16.0"
  path:
    dependency: transitive
    description:
      name: path
      sha256: "2ad4cddff7f5cc0e2d13069f2a3f7a73ca18f66abd6f5ecf215219cdb3638edb"
      url: "https://pub.dev"
    source: hosted
    version: "1.8.0"
  petitparser:
    dependency: transitive
    description:
      name: petitparser
      sha256: cb3798bef7fc021ac45b308f4b51208a152792445cce0448c9a4ba5879dd8750
      url: "https://pub.dev"
    source: hosted
    version: "5.4.0"
  source_span:
    dependency: transitive
    description:
      name: source_span
      sha256: "53e943d4206a5e30df338fd4c6e7a077e02254531b138a15aec3bd143c1a8b3c"
      url: "https://pub.dev"
    source: hosted
    version: "1.10.0"
  string_scanner:
    dependency: transitive
    description:
      name: string_scanner
      sha256: "921cd31725b72fe181906c6a94d987c78e3b98c2e205b397ea399d4054872b43"
      url: "https://pub.dev"
    source: hosted
    version: "1.4.1"
  term_glyph:
    dependency: transitive
    description:
      name: term_glyph
      sha256: "7f554798625ea768a7518313e58f83891c7f5024f88e46e7182a4558850a4b8e"
      url: "https://pub.dev"
    source: hosted
    version: "1.2.2"
  toml:
    dependency: transitive
    description:
      name: toml
      sha256: "157c5dca5160fced243f3ce984117f729c788bb5e475504f3dbcda881accee44"
      url: "https://pub.dev"
    source: hosted
    version: "0.14.0"
  typed_data:
    dependency: transitive
    description:
      name: typed_data
      sha256: f9049c039ebfeb4cf7a7104a675823cd72dba8297f264b6637062516699fa006
      url: "https://pub.dev"
    source: hosted
    version: "1.4.0"
  version:
    dependency: transitive
    description:
      name: version
      sha256: "2307e23a45b43f96469eeab946208ed63293e8afca9c28cd8b5241ff31c55f55"
      url: "https://pub.dev"
    source: hosted
    version: "3.0.0"
  yaml:
    dependency: transitive
    description:
      name: yaml
      sha256: "75769501ea3489fca56601ff33454fe45507ea3bfb014161abc3b43ae25989d5"
      url: "https://pub.dev"
    source: hosted
    version: "3.1.2"
sdks:
  dart: ">=3.5.0 <4.0.0"
